
Microsoft Visual Studio Solution File, Format Version 12.00
# Visual Studio Version 16
VisualStudioVersion = 16.0.29326.143
MinimumVisualStudioVersion = 10.0.40219.1
Project("{8BC9CEB8-8B4A-11D0-8D11-00A0C91BC942}") = "Problema3", "Problema3\Problema3.vcxproj", "{79DF39BF-EC7F-464C-BC6A-2064A9999014}"
EndProject
Global
	GlobalSection(SolutionConfigurationPlatforms) = preSolution
		Debug|x64 = Debug|x64
		Debug|x86 = Debug|x86
		Release|x64 = Release|x64
		Release|x86 = Release|x86
	EndGlobalSection
	GlobalSection(ProjectConfigurationPlatforms) = postSolution
		{79DF39BF-EC7F-464C-BC6A-2064A9999014}.Debug|x64.ActiveCfg = Debug|x64
		{79DF39BF-EC7F-464C-BC6A-2064A9999014}.Debug|x64.Build.0 = Debug|x64
		{79DF39BF-EC7F-464C-BC6A-2064A9999014}.Debug|x86.ActiveCfg = Debug|Win32
		{79DF39BF-EC7F-464C-BC6A-2064A9999014}.Debug|x86.Build.0 = Debug|Win32
		{79DF39BF-EC7F-464C-BC6A-2064A9999014}.Release|x64.ActiveCfg = Release|x64
		{79DF39BF-EC7F-464C-BC6A-2064A9999014}.Release|x64.Build.0 = Release|x64
		{79DF39BF-EC7F-464C-BC6A-2064A9999014}.Release|x86.ActiveCfg = Release|Win32
		{79DF39BF-EC7F-464C-BC6A-2064A9999014}.Release|x86.Build.0 = Release|Win32
	EndGlobalSection
	GlobalSection(SolutionProperties) = preSolution
		HideSolutionNode = FALSE
	EndGlobalSection
	GlobalSection(ExtensibilityGlobals) = postSolution
		SolutionGuid = {51F44721-78D1-4BA0-919F-104730647FF5}
	EndGlobalSection
EndGlobal
